// !$*UTF8*$!
{
	archiveVersion = 1;
	classes = {
	};
	objectVersion = 55;
	objects = {

/* Begin PBXBuildFile section */
		A73F8B352881FA7D0038F31B /* AppDelegate.swift in Sources */ = {isa = PBXBuildFile; fileRef = A73F8B342881FA7D0038F31B /* AppDelegate.swift */; };
		A73F8B372881FA7D0038F31B /* SceneDelegate.swift in Sources */ = {isa = PBXBuildFile; fileRef = A73F8B362881FA7D0038F31B /* SceneDelegate.swift */; };
		A73F8B392881FA7D0038F31B /* MainViewController.swift in Sources */ = {isa = PBXBuildFile; fileRef = A73F8B382881FA7D0038F31B /* MainViewController.swift */; };
		A73F8B3E2881FA820038F31B /* Assets.xcassets in Resources */ = {isa = PBXBuildFile; fileRef = A73F8B3D2881FA820038F31B /* Assets.xcassets */; };
		A73F8B412881FA820038F31B /* LaunchScreen.storyboard in Resources */ = {isa = PBXBuildFile; fileRef = A73F8B3F2881FA820038F31B /* LaunchScreen.storyboard */; };
		A73F8B4E2882F0920038F31B /* ProfileViewController.swift in Sources */ = {isa = PBXBuildFile; fileRef = A73F8B4D2882F0920038F31B /* ProfileViewController.swift */; };
		A73F8B502882F0BC0038F31B /* BookmarksViewController.swift in Sources */ = {isa = PBXBuildFile; fileRef = A73F8B4F2882F0BC0038F31B /* BookmarksViewController.swift */; };
		A73F8B522882F0D70038F31B /* HomeViewController.swift in Sources */ = {isa = PBXBuildFile; fileRef = A73F8B512882F0D70038F31B /* HomeViewController.swift */; };
		A74911F42889E1A400D51E3D /* NewsService.swift in Sources */ = {isa = PBXBuildFile; fileRef = A74911F32889E1A400D51E3D /* NewsService.swift */; };
		A74911F8288B24D500D51E3D /* String + removeWhitespace.swift in Sources */ = {isa = PBXBuildFile; fileRef = A74911F7288B24D500D51E3D /* String + removeWhitespace.swift */; };
		A74911FC288B3E8C00D51E3D /* ArticleViewController.swift in Sources */ = {isa = PBXBuildFile; fileRef = A74911FB288B3E8C00D51E3D /* ArticleViewController.swift */; };
		A74911FE288C189100D51E3D /* UIImage + Url.swift in Sources */ = {isa = PBXBuildFile; fileRef = A74911FD288C189000D51E3D /* UIImage + Url.swift */; };
		A7491201288C982D00D51E3D /* NewsApp.xcdatamodeld in Sources */ = {isa = PBXBuildFile; fileRef = A74911FF288C982C00D51E3D /* NewsApp.xcdatamodeld */; };
		A76437EF288898F800D2CFF5 /* ThemeColors.swift in Sources */ = {isa = PBXBuildFile; fileRef = A76437EE288898F800D2CFF5 /* ThemeColors.swift */; };
		A76437F128889A2400D2CFF5 /* UIColor + Hex.swift in Sources */ = {isa = PBXBuildFile; fileRef = A76437F028889A2400D2CFF5 /* UIColor + Hex.swift */; };
		A76437F32888AF8600D2CFF5 /* TextField + Image.swift in Sources */ = {isa = PBXBuildFile; fileRef = A76437F22888AF8600D2CFF5 /* TextField + Image.swift */; };
		A76437F628894B1200D2CFF5 /* HomeTableViewCell.swift in Sources */ = {isa = PBXBuildFile; fileRef = A76437F528894B1200D2CFF5 /* HomeTableViewCell.swift */; };
		A7F2322028901D1700CB651D /* CoreDataService.swift in Sources */ = {isa = PBXBuildFile; fileRef = A7F2321F28901D1700CB651D /* CoreDataService.swift */; };
		A7F232232890303C00CB651D /* BookmarksTableViewCell.swift in Sources */ = {isa = PBXBuildFile; fileRef = A7F232222890303C00CB651D /* BookmarksTableViewCell.swift */; };
/* End PBXBuildFile section */

/* Begin PBXFileReference section */
		A73F8B312881FA7D0038F31B /* NewsApp.app */ = {isa = PBXFileReference; explicitFileType = wrapper.application; includeInIndex = 0; path = NewsApp.app; sourceTree = BUILT_PRODUCTS_DIR; };
		A73F8B342881FA7D0038F31B /* AppDelegate.swift */ = {isa = PBXFileReference; lastKnownFileType = sourcecode.swift; path = AppDelegate.swift; sourceTree = "<group>"; };
		A73F8B362881FA7D0038F31B /* SceneDelegate.swift */ = {isa = PBXFileReference; lastKnownFileType = sourcecode.swift; path = SceneDelegate.swift; sourceTree = "<group>"; };
		A73F8B382881FA7D0038F31B /* MainViewController.swift */ = {isa = PBXFileReference; lastKnownFileType = sourcecode.swift; path = MainViewController.swift; sourceTree = "<group>"; };
		A73F8B3D2881FA820038F31B /* Assets.xcassets */ = {isa = PBXFileReference; lastKnownFileType = folder.assetcatalog; path = Assets.xcassets; sourceTree = "<group>"; };
		A73F8B402881FA820038F31B /* Base */ = {isa = PBXFileReference; lastKnownFileType = file.storyboard; name = Base; path = Base.lproj/LaunchScreen.storyboard; sourceTree = "<group>"; };
		A73F8B422881FA820038F31B /* Info.plist */ = {isa = PBXFileReference; lastKnownFileType = text.plist.xml; path = Info.plist; sourceTree = "<group>"; };
		A73F8B4D2882F0920038F31B /* ProfileViewController.swift */ = {isa = PBXFileReference; lastKnownFileType = sourcecode.swift; path = ProfileViewController.swift; sourceTree = "<group>"; };
		A73F8B4F2882F0BC0038F31B /* BookmarksViewController.swift */ = {isa = PBXFileReference; lastKnownFileType = sourcecode.swift; path = BookmarksViewController.swift; sourceTree = "<group>"; };
		A73F8B512882F0D70038F31B /* HomeViewController.swift */ = {isa = PBXFileReference; lastKnownFileType = sourcecode.swift; path = HomeViewController.swift; sourceTree = "<group>"; };
		A74911F32889E1A400D51E3D /* NewsService.swift */ = {isa = PBXFileReference; lastKnownFileType = sourcecode.swift; path = NewsService.swift; sourceTree = "<group>"; };
		A74911F7288B24D500D51E3D /* String + removeWhitespace.swift */ = {isa = PBXFileReference; lastKnownFileType = sourcecode.swift; path = "String + removeWhitespace.swift"; sourceTree = "<group>"; };
		A74911FB288B3E8C00D51E3D /* ArticleViewController.swift */ = {isa = PBXFileReference; lastKnownFileType = sourcecode.swift; path = ArticleViewController.swift; sourceTree = "<group>"; };
		A74911FD288C189000D51E3D /* UIImage + Url.swift */ = {isa = PBXFileReference; lastKnownFileType = sourcecode.swift; path = "UIImage + Url.swift"; sourceTree = "<group>"; };
		A7491200288C982D00D51E3D /* NewsApp.xcdatamodel */ = {isa = PBXFileReference; lastKnownFileType = wrapper.xcdatamodel; path = NewsApp.xcdatamodel; sourceTree = "<group>"; };
		A76437EE288898F800D2CFF5 /* ThemeColors.swift */ = {isa = PBXFileReference; lastKnownFileType = sourcecode.swift; path = ThemeColors.swift; sourceTree = "<group>"; };
		A76437F028889A2400D2CFF5 /* UIColor + Hex.swift */ = {isa = PBXFileReference; lastKnownFileType = sourcecode.swift; path = "UIColor + Hex.swift"; sourceTree = "<group>"; };
		A76437F22888AF8600D2CFF5 /* TextField + Image.swift */ = {isa = PBXFileReference; lastKnownFileType = sourcecode.swift; path = "TextField + Image.swift"; sourceTree = "<group>"; };
		A76437F528894B1200D2CFF5 /* HomeTableViewCell.swift */ = {isa = PBXFileReference; lastKnownFileType = sourcecode.swift; path = HomeTableViewCell.swift; sourceTree = "<group>"; };
		A7F2321F28901D1700CB651D /* CoreDataService.swift */ = {isa = PBXFileReference; lastKnownFileType = sourcecode.swift; path = CoreDataService.swift; sourceTree = "<group>"; };
		A7F232222890303C00CB651D /* BookmarksTableViewCell.swift */ = {isa = PBXFileReference; lastKnownFileType = sourcecode.swift; path = BookmarksTableViewCell.swift; sourceTree = "<group>"; };
/* End PBXFileReference section */

/* Begin PBXFrameworksBuildPhase section */
		A73F8B2E2881FA7D0038F31B /* Frameworks */ = {
			isa = PBXFrameworksBuildPhase;
			buildActionMask = 2147483647;
			files = (
			);
			runOnlyForDeploymentPostprocessing = 0;
		};
/* End PBXFrameworksBuildPhase section */

/* Begin PBXGroup section */
		A73F8B282881FA7D0038F31B = {
			isa = PBXGroup;
			children = (
				A73F8B332881FA7D0038F31B /* NewsApp */,
				A73F8B322881FA7D0038F31B /* Products */,
			);
			sourceTree = "<group>";
		};
		A73F8B322881FA7D0038F31B /* Products */ = {
			isa = PBXGroup;
			children = (
				A73F8B312881FA7D0038F31B /* NewsApp.app */,
			);
			name = Products;
			sourceTree = "<group>";
		};
		A73F8B332881FA7D0038F31B /* NewsApp */ = {
			isa = PBXGroup;
			children = (
				A73F8B4C2882E84E0038F31B /* Screens */,
				A73F8B4B2882E83A0038F31B /* Services */,
				A73F8B4A2882E82B0038F31B /* Extensions */,
				A73F8B492882E6E40038F31B /* Resources */,
				A73F8B482882E6850038F31B /* App */,
			);
			path = NewsApp;
			sourceTree = "<group>";
		};
		A73F8B482882E6850038F31B /* App */ = {
			isa = PBXGroup;
			children = (
				A73F8B342881FA7D0038F31B /* AppDelegate.swift */,
				A73F8B362881FA7D0038F31B /* SceneDelegate.swift */,
				A73F8B3F2881FA820038F31B /* LaunchScreen.storyboard */,
				A73F8B422881FA820038F31B /* Info.plist */,
				A74911FF288C982C00D51E3D /* NewsApp.xcdatamodeld */,
			);
			path = App;
			sourceTree = "<group>";
		};
		A73F8B492882E6E40038F31B /* Resources */ = {
			isa = PBXGroup;
			children = (
				A73F8B3D2881FA820038F31B /* Assets.xcassets */,
				A76437EE288898F800D2CFF5 /* ThemeColors.swift */,
			);
			path = Resources;
			sourceTree = "<group>";
		};
		A73F8B4A2882E82B0038F31B /* Extensions */ = {
			isa = PBXGroup;
			children = (
				A76437F028889A2400D2CFF5 /* UIColor + Hex.swift */,
				A76437F22888AF8600D2CFF5 /* TextField + Image.swift */,
				A74911F7288B24D500D51E3D /* String + removeWhitespace.swift */,
				A74911FD288C189000D51E3D /* UIImage + Url.swift */,
			);
			path = Extensions;
			sourceTree = "<group>";
		};
		A73F8B4B2882E83A0038F31B /* Services */ = {
			isa = PBXGroup;
			children = (
				A74911F32889E1A400D51E3D /* NewsService.swift */,
				A7F2321F28901D1700CB651D /* CoreDataService.swift */,
			);
			path = Services;
			sourceTree = "<group>";
		};
		A73F8B4C2882E84E0038F31B /* Screens */ = {
			isa = PBXGroup;
			children = (
				A76437F428894AE600D2CFF5 /* Home */,
				A7F2322128902FF500CB651D /* Bookmark */,
				A73F8B382881FA7D0038F31B /* MainViewController.swift */,
				A73F8B4D2882F0920038F31B /* ProfileViewController.swift */,
				A74911FB288B3E8C00D51E3D /* ArticleViewController.swift */,
			);
			path = Screens;
			sourceTree = "<group>";
		};
		A76437F428894AE600D2CFF5 /* Home */ = {
			isa = PBXGroup;
			children = (
				A73F8B512882F0D70038F31B /* HomeViewController.swift */,
				A76437F528894B1200D2CFF5 /* HomeTableViewCell.swift */,
			);
			path = Home;
			sourceTree = "<group>";
		};
		A7F2322128902FF500CB651D /* Bookmark */ = {
			isa = PBXGroup;
			children = (
				A73F8B4F2882F0BC0038F31B /* BookmarksViewController.swift */,
				A7F232222890303C00CB651D /* BookmarksTableViewCell.swift */,
			);
			path = Bookmark;
			sourceTree = "<group>";
		};
/* End PBXGroup section */

/* Begin PBXNativeTarget section */
		A73F8B302881FA7D0038F31B /* NewsApp */ = {
			isa = PBXNativeTarget;
			buildConfigurationList = A73F8B452881FA820038F31B /* Build configuration list for PBXNativeTarget "NewsApp" */;
			buildPhases = (
				A73F8B2D2881FA7D0038F31B /* Sources */,
				A73F8B2E2881FA7D0038F31B /* Frameworks */,
				A73F8B2F2881FA7D0038F31B /* Resources */,
			);
			buildRules = (
			);
			dependencies = (
			);
			name = NewsApp;
			productName = NewsApp;
			productReference = A73F8B312881FA7D0038F31B /* NewsApp.app */;
			productType = "com.apple.product-type.application";
		};
/* End PBXNativeTarget section */

/* Begin PBXProject section */
		A73F8B292881FA7D0038F31B /* Project object */ = {
			isa = PBXProject;
			attributes = {
				BuildIndependentTargetsInParallel = 1;
				LastSwiftUpdateCheck = 1340;
				LastUpgradeCheck = 1340;
				TargetAttributes = {
					A73F8B302881FA7D0038F31B = {
						CreatedOnToolsVersion = 13.4.1;
					};
				};
			};
			buildConfigurationList = A73F8B2C2881FA7D0038F31B /* Build configuration list for PBXProject "NewsApp" */;
			compatibilityVersion = "Xcode 13.0";
			developmentRegion = en;
			hasScannedForEncodings = 0;
			knownRegions = (
				en,
				Base,
			);
			mainGroup = A73F8B282881FA7D0038F31B;
			productRefGroup = A73F8B322881FA7D0038F31B /* Products */;
			projectDirPath = "";
			projectRoot = "";
			targets = (
				A73F8B302881FA7D0038F31B /* NewsApp */,
			);
		};
/* End PBXProject section */

/* Begin PBXResourcesBuildPhase section */
		A73F8B2F2881FA7D0038F31B /* Resources */ = {
			isa = PBXResourcesBuildPhase;
			buildActionMask = 2147483647;
			files = (
				A73F8B412881FA820038F31B /* LaunchScreen.storyboard in Resources */,
				A73F8B3E2881FA820038F31B /* Assets.xcassets in Resources */,
			);
			runOnlyForDeploymentPostprocessing = 0;
		};
/* End PBXResourcesBuildPhase section */

/* Begin PBXSourcesBuildPhase section */
		A73F8B2D2881FA7D0038F31B /* Sources */ = {
			isa = PBXSourcesBuildPhase;
			buildActionMask = 2147483647;
			files = (
				A7F232232890303C00CB651D /* BookmarksTableViewCell.swift in Sources */,
				A73F8B502882F0BC0038F31B /* BookmarksViewController.swift in Sources */,
				A76437F32888AF8600D2CFF5 /* TextField + Image.swift in Sources */,
				A73F8B392881FA7D0038F31B /* MainViewController.swift in Sources */,
				A74911FE288C189100D51E3D /* UIImage + Url.swift in Sources */,
				A7F2322028901D1700CB651D /* CoreDataService.swift in Sources */,
				A73F8B352881FA7D0038F31B /* AppDelegate.swift in Sources */,
				A7491201288C982D00D51E3D /* NewsApp.xcdatamodeld in Sources */,
				A76437F128889A2400D2CFF5 /* UIColor + Hex.swift in Sources */,
				A73F8B4E2882F0920038F31B /* ProfileViewController.swift in Sources */,
				A76437F628894B1200D2CFF5 /* HomeTableViewCell.swift in Sources */,
				A76437EF288898F800D2CFF5 /* ThemeColors.swift in Sources */,
				A73F8B372881FA7D0038F31B /* SceneDelegate.swift in Sources */,
				A73F8B522882F0D70038F31B /* HomeViewController.swift in Sources */,
				A74911F42889E1A400D51E3D /* NewsService.swift in Sources */,
				A74911FC288B3E8C00D51E3D /* ArticleViewController.swift in Sources */,
				A74911F8288B24D500D51E3D /* String + removeWhitespace.swift in Sources */,
			);
			runOnlyForDeploymentPostprocessing = 0;
		};
/* End PBXSourcesBuildPhase section */

/* Begin PBXVariantGroup section */
		A73F8B3F2881FA820038F31B /* LaunchScreen.storyboard */ = {
			isa = PBXVariantGroup;
			children = (
				A73F8B402881FA820038F31B /* Base */,
			);
			name = LaunchScreen.storyboard;
			sourceTree = "<group>";
		};
/* End PBXVariantGroup section */

/* Begin XCBuildConfiguration section */
		A73F8B432881FA820038F31B /* Debug */ = {
			isa = XCBuildConfiguration;
			buildSettings = {
				ALWAYS_SEARCH_USER_PATHS = NO;
				CLANG_ANALYZER_NONNULL = YES;
				CLANG_ANALYZER_NUMBER_OBJECT_CONVERSION = YES_AGGRESSIVE;
				CLANG_CXX_LANGUAGE_STANDARD = "gnu++17";
				CLANG_ENABLE_MODULES = YES;
				CLANG_ENABLE_OBJC_ARC = YES;
				CLANG_ENABLE_OBJC_WEAK = YES;
				CLANG_WARN_BLOCK_CAPTURE_AUTORELEASING = YES;
				CLANG_WARN_BOOL_CONVERSION = YES;
				CLANG_WARN_COMMA = YES;
				CLANG_WARN_CONSTANT_CONVERSION = YES;
				CLANG_WARN_DEPRECATED_OBJC_IMPLEMENTATIONS = YES;
				CLANG_WARN_DIRECT_OBJC_ISA_USAGE = YES_ERROR;
				CLANG_WARN_DOCUMENTATION_COMMENTS = YES;
				CLANG_WARN_EMPTY_BODY = YES;
				CLANG_WARN_ENUM_CONVERSION = YES;
				CLANG_WARN_INFINITE_RECURSION = YES;
				CLANG_WARN_INT_CONVERSION = YES;
				CLANG_WARN_NON_LITERAL_NULL_CONVERSION = YES;
				CLANG_WARN_OBJC_IMPLICIT_RETAIN_SELF = YES;
				CLANG_WARN_OBJC_LITERAL_CONVERSION = YES;
				CLANG_WARN_OBJC_ROOT_CLASS = YES_ERROR;
				CLANG_WARN_QUOTED_INCLUDE_IN_FRAMEWORK_HEADER = YES;
				CLANG_WARN_RANGE_LOOP_ANALYSIS = YES;
				CLANG_WARN_STRICT_PROTOTYPES = YES;
				CLANG_WARN_SUSPICIOUS_MOVE = YES;
				CLANG_WARN_UNGUARDED_AVAILABILITY = YES_AGGRESSIVE;
				CLANG_WARN_UNREACHABLE_CODE = YES;
				CLANG_WARN__DUPLICATE_METHOD_MATCH = YES;
				COPY_PHASE_STRIP = NO;
				DEBUG_INFORMATION_FORMAT = dwarf;
				ENABLE_STRICT_OBJC_MSGSEND = YES;
				ENABLE_TESTABILITY = YES;
				GCC_C_LANGUAGE_STANDARD = gnu11;
				GCC_DYNAMIC_NO_PIC = NO;
				GCC_NO_COMMON_BLOCKS = YES;
				GCC_OPTIMIZATION_LEVEL = 0;
				GCC_PREPROCESSOR_DEFINITIONS = (
					"DEBUG=1",
					"$(inherited)",
				);
				GCC_WARN_64_TO_32_BIT_CONVERSION = YES;
				GCC_WARN_ABOUT_RETURN_TYPE = YES_ERROR;
				GCC_WARN_UNDECLARED_SELECTOR = YES;
				GCC_WARN_UNINITIALIZED_AUTOS = YES_AGGRESSIVE;
				GCC_WARN_UNUSED_FUNCTION = YES;
				GCC_WARN_UNUSED_VARIABLE = YES;
				IPHONEOS_DEPLOYMENT_TARGET = 15.5;
				MTL_ENABLE_DEBUG_INFO = INCLUDE_SOURCE;
				MTL_FAST_MATH = YES;
				ONLY_ACTIVE_ARCH = YES;
				SDKROOT = iphoneos;
				SWIFT_ACTIVE_COMPILATION_CONDITIONS = DEBUG;
				SWIFT_OPTIMIZATION_LEVEL = "-Onone";
			};
			name = Debug;
		};
		A73F8B442881FA820038F31B /* Release */ = {
			isa = XCBuildConfiguration;
			buildSettings = {
				ALWAYS_SEARCH_USER_PATHS = NO;
				CLANG_ANALYZER_NONNULL = YES;
				CLANG_ANALYZER_NUMBER_OBJECT_CONVERSION = YES_AGGRESSIVE;
				CLANG_CXX_LANGUAGE_STANDARD = "gnu++17";
				CLANG_ENABLE_MODULES = YES;
				CLANG_ENABLE_OBJC_ARC = YES;
				CLANG_ENABLE_OBJC_WEAK = YES;
				CLANG_WARN_BLOCK_CAPTURE_AUTORELEASING = YES;
				CLANG_WARN_BOOL_CONVERSION = YES;
				CLANG_WARN_COMMA = YES;
				CLANG_WARN_CONSTANT_CONVERSION = YES;
				CLANG_WARN_DEPRECATED_OBJC_IMPLEMENTATIONS = YES;
				CLANG_WARN_DIRECT_OBJC_ISA_USAGE = YES_ERROR;
				CLANG_WARN_DOCUMENTATION_COMMENTS = YES;
				CLANG_WARN_EMPTY_BODY = YES;
				CLANG_WARN_ENUM_CONVERSION = YES;
				CLANG_WARN_INFINITE_RECURSION = YES;
				CLANG_WARN_INT_CONVERSION = YES;
				CLANG_WARN_NON_LITERAL_NULL_CONVERSION = YES;
				CLANG_WARN_OBJC_IMPLICIT_RETAIN_SELF = YES;
				CLANG_WARN_OBJC_LITERAL_CONVERSION = YES;
				CLANG_WARN_OBJC_ROOT_CLASS = YES_ERROR;
				CLANG_WARN_QUOTED_INCLUDE_IN_FRAMEWORK_HEADER = YES;
				CLANG_WARN_RANGE_LOOP_ANALYSIS = YES;
				CLANG_WARN_STRICT_PROTOTYPES = YES;
				CLANG_WARN_SUSPICIOUS_MOVE = YES;
				CLANG_WARN_UNGUARDED_AVAILABILITY = YES_AGGRESSIVE;
				CLANG_WARN_UNREACHABLE_CODE = YES;
				CLANG_WARN__DUPLICATE_METHOD_MATCH = YES;
				COPY_PHASE_STRIP = NO;
				DEBUG_INFORMATION_FORMAT = "dwarf-with-dsym";
				ENABLE_NS_ASSERTIONS = NO;
				ENABLE_STRICT_OBJC_MSGSEND = YES;
				GCC_C_LANGUAGE_STANDARD = gnu11;
				GCC_NO_COMMON_BLOCKS = YES;
				GCC_WARN_64_TO_32_BIT_CONVERSION = YES;
				GCC_WARN_ABOUT_RETURN_TYPE = YES_ERROR;
				GCC_WARN_UNDECLARED_SELECTOR = YES;
				GCC_WARN_UNINITIALIZED_AUTOS = YES_AGGRESSIVE;
				GCC_WARN_UNUSED_FUNCTION = YES;
				GCC_WARN_UNUSED_VARIABLE = YES;
				IPHONEOS_DEPLOYMENT_TARGET = 15.5;
				MTL_ENABLE_DEBUG_INFO = NO;
				MTL_FAST_MATH = YES;
				SDKROOT = iphoneos;
				SWIFT_COMPILATION_MODE = wholemodule;
				SWIFT_OPTIMIZATION_LEVEL = "-O";
				VALIDATE_PRODUCT = YES;
			};
			name = Release;
		};
		A73F8B462881FA820038F31B /* Debug */ = {
			isa = XCBuildConfiguration;
			buildSettings = {
				ASSETCATALOG_COMPILER_APPICON_NAME = AppIcon;
				ASSETCATALOG_COMPILER_GLOBAL_ACCENT_COLOR_NAME = AccentColor;
				CODE_SIGN_STYLE = Automatic;
				CURRENT_PROJECT_VERSION = 1;
				GENERATE_INFOPLIST_FILE = YES;
				INFOPLIST_FILE = NewsApp/App/Info.plist;
				INFOPLIST_KEY_UIApplicationSupportsIndirectInputEvents = YES;
				INFOPLIST_KEY_UILaunchStoryboardName = LaunchScreen;
				INFOPLIST_KEY_UISupportedInterfaceOrientations_iPad = "UIInterfaceOrientationPortrait UIInterfaceOrientationPortraitUpsideDown UIInterfaceOrientationLandscapeLeft UIInterfaceOrientationLandscapeRight";
				INFOPLIST_KEY_UISupportedInterfaceOrientations_iPhone = "UIInterfaceOrientationPortrait UIInterfaceOrientationLandscapeLeft UIInterfaceOrientationLandscapeRight";
				LD_RUNPATH_SEARCH_PATHS = (
					"$(inherited)",
					"@executable_path/Frameworks",
				);
				MARKETING_VERSION = 1.0;
				PRODUCT_BUNDLE_IDENTIFIER = com.hakanor.NewsApp;
				PRODUCT_NAME = "$(TARGET_NAME)";
				SWIFT_EMIT_LOC_STRINGS = YES;
				SWIFT_VERSION = 5.0;
				TARGETED_DEVICE_FAMILY = "1,2";
			};
			name = Debug;
		};
		A73F8B472881FA820038F31B /* Release */ = {
			isa = XCBuildConfiguration;
			buildSettings = {
				ASSETCATALOG_COMPILER_APPICON_NAME = AppIcon;
				ASSETCATALOG_COMPILER_GLOBAL_ACCENT_COLOR_NAME = AccentColor;
				CODE_SIGN_STYLE = Automatic;
				CURRENT_PROJECT_VERSION = 1;
				GENERATE_INFOPLIST_FILE = YES;
				INFOPLIST_FILE = NewsApp/App/Info.plist;
				INFOPLIST_KEY_UIApplicationSupportsIndirectInputEvents = YES;
				INFOPLIST_KEY_UILaunchStoryboardName = LaunchScreen;
				INFOPLIST_KEY_UISupportedInterfaceOrientations_iPad = "UIInterfaceOrientationPortrait UIInterfaceOrientationPortraitUpsideDown UIInterfaceOrientationLandscapeLeft UIInterfaceOrientationLandscapeRight";
				INFOPLIST_KEY_UISupportedInterfaceOrientations_iPhone = "UIInterfaceOrientationPortrait UIInterfaceOrientationLandscapeLeft UIInterfaceOrientationLandscapeRight";
				LD_RUNPATH_SEARCH_PATHS = (
					"$(inherited)",
					"@executable_path/Frameworks",
				);
				MARKETING_VERSION = 1.0;
				PRODUCT_BUNDLE_IDENTIFIER = com.hakanor.NewsApp;
				PRODUCT_NAME = "$(TARGET_NAME)";
				SWIFT_EMIT_LOC_STRINGS = YES;
				SWIFT_VERSION = 5.0;
				TARGETED_DEVICE_FAMILY = "1,2";
			};
			name = Release;
		};
/* End XCBuildConfiguration section */

/* Begin XCConfigurationList section */
		A73F8B2C2881FA7D0038F31B /* Build configuration list for PBXProject "NewsApp" */ = {
			isa = XCConfigurationList;
			buildConfigurations = (
				A73F8B432881FA820038F31B /* Debug */,
				A73F8B442881FA820038F31B /* Release */,
			);
			defaultConfigurationIsVisible = 0;
			defaultConfigurationName = Release;
		};
		A73F8B452881FA820038F31B /* Build configuration list for PBXNativeTarget "NewsApp" */ = {
			isa = XCConfigurationList;
			buildConfigurations = (
				A73F8B462881FA820038F31B /* Debug */,
				A73F8B472881FA820038F31B /* Release */,
			);
			defaultConfigurationIsVisible = 0;
			defaultConfigurationName = Release;
		};
/* End XCConfigurationList section */

/* Begin XCVersionGroup section */
		A74911FF288C982C00D51E3D /* NewsApp.xcdatamodeld */ = {
			isa = XCVersionGroup;
			children = (
				A7491200288C982D00D51E3D /* NewsApp.xcdatamodel */,
			);
			currentVersion = A7491200288C982D00D51E3D /* NewsApp.xcdatamodel */;
			path = NewsApp.xcdatamodeld;
			sourceTree = "<group>";
			versionGroupType = wrapper.xcdatamodel;
		};
/* End XCVersionGroup section */
	};
	rootObject = A73F8B292881FA7D0038F31B /* Project object */;
}
